<?xml version="1.0" encoding="utf-8"?>
<Project ToolsVersion="4.0" xmlns="http://schemas.microsoft.com/developer/msbuild/2003">
  <ItemGroup>
    <Filter Include="源文件">
      <UniqueIdentifier>{4FC737F1-C7A5-4376-A066-2A32D752A2FF}</UniqueIdentifier>
      <Extensions>cpp;c;cc;cxx;def;odl;idl;hpj;bat;asm;asmx</Extensions>
    </Filter>
    <Filter Include="头文件">
      <UniqueIdentifier>{93995380-89BD-4b04-88EB-625FBE52EBFB}</UniqueIdentifier>
      <Extensions>h;hpp;hxx;hm;inl;inc;xsd</Extensions>
    </Filter>
    <Filter Include="资源文件">
      <UniqueIdentifier>{67DA6AB6-F800-4c08-8B7A-83BB121AAD01}</UniqueIdentifier>
      <Extensions>rc;ico;cur;bmp;dlg;rc2;rct;bin;rgs;gif;jpg;jpeg;jpe;resx;tiff;tif;png;wav;mfcribbon-ms</Extensions>
    </Filter>
    <Filter Include="libnet">
      <UniqueIdentifier>{1ffa4633-289d-4976-a38e-45d87ebfeda5}</UniqueIdentifier>
    </Filter>
    <Filter Include="libnet\src">
      <UniqueIdentifier>{0d855916-d802-4680-9058-ac032b65db5f}</UniqueIdentifier>
    </Filter>
    <Filter Include="libnet\export">
      <UniqueIdentifier>{1a8f6512-b405-4d06-8ef1-4fc270295023}</UniqueIdentifier>
    </Filter>
    <Filter Include="libnet\libbase">
      <UniqueIdentifier>{ffc1a9b1-1511-46c5-809b-021e585046c0}</UniqueIdentifier>
    </Filter>
    <Filter Include="libnet\libbase\export">
      <UniqueIdentifier>{0c8eb104-4119-4b39-9169-6a3678b3fe6c}</UniqueIdentifier>
    </Filter>
    <Filter Include="libnet\libbase\src">
      <UniqueIdentifier>{5357d4b9-1428-4a3d-b2e5-7cb5333507a5}</UniqueIdentifier>
    </Filter>
  </ItemGroup>
  <ItemGroup>
    <Text Include="ReadMe.txt" />
  </ItemGroup>
  <ItemGroup>
    <ClCompile Include="main.cpp">
      <Filter>源文件</Filter>
    </ClCompile>
    <ClCompile Include="..\libnet\src\io_service.cpp">
      <Filter>libnet\src</Filter>
    </ClCompile>
    <ClCompile Include="..\libnet\src\peer_manager.cpp">
      <Filter>libnet\src</Filter>
    </ClCompile>
    <ClCompile Include="..\libnet\src\sockbuf.cpp">
      <Filter>libnet\src</Filter>
    </ClCompile>
    <ClCompile Include="..\libnet\src\Win_IOCP_io_service.cpp">
      <Filter>libnet\src</Filter>
    </ClCompile>
    <ClCompile Include="..\libbase\src\yy_file.cpp">
      <Filter>libnet\libbase\src</Filter>
    </ClCompile>
    <ClCompile Include="..\libbase\src\yy_log.cpp">
      <Filter>libnet\libbase\src</Filter>
    </ClCompile>
    <ClCompile Include="..\libbase\src\yy_memory.cpp">
      <Filter>libnet\libbase\src</Filter>
    </ClCompile>
    <ClCompile Include="..\libbase\src\yy_thread.cpp">
      <Filter>libnet\libbase\src</Filter>
    </ClCompile>
    <ClCompile Include="..\libbase\src\yy_time.cpp">
      <Filter>libnet\libbase\src</Filter>
    </ClCompile>
    <ClCompile Include="..\libbase\src\yy_utility.cpp">
      <Filter>libnet\libbase\src</Filter>
    </ClCompile>
  </ItemGroup>
  <ItemGroup>
    <ClInclude Include="..\libnet\src\peer_manager.h">
      <Filter>libnet\src</Filter>
    </ClInclude>
    <ClInclude Include="..\libnet\src\socket_wrap.h">
      <Filter>libnet\src</Filter>
    </ClInclude>
    <ClInclude Include="..\libnet\src\Win_IOCP_io_service.h">
      <Filter>libnet\src</Filter>
    </ClInclude>
    <ClInclude Include="..\libnet\export\io_service.h">
      <Filter>libnet\export</Filter>
    </ClInclude>
    <ClInclude Include="..\libnet\export\sockbuf.h">
      <Filter>libnet\export</Filter>
    </ClInclude>
    <ClInclude Include="..\libbase\export\FastDelegate.h">
      <Filter>libnet\libbase\export</Filter>
    </ClInclude>
    <ClInclude Include="..\libbase\export\FastDelegateBind.h">
      <Filter>libnet\libbase\export</Filter>
    </ClInclude>
    <ClInclude Include="..\libbase\export\yy_algorithm.h">
      <Filter>libnet\libbase\export</Filter>
    </ClInclude>
    <ClInclude Include="..\libbase\export\yy_bstree.h">
      <Filter>libnet\libbase\export</Filter>
    </ClInclude>
    <ClInclude Include="..\libbase\export\yy_dump.h">
      <Filter>libnet\libbase\export</Filter>
    </ClInclude>
    <ClInclude Include="..\libbase\export\yy_exception.h">
      <Filter>libnet\libbase\export</Filter>
    </ClInclude>
    <ClInclude Include="..\libbase\export\yy_file.h">
      <Filter>libnet\libbase\export</Filter>
    </ClInclude>
    <ClInclude Include="..\libbase\export\yy_freelist.h">
      <Filter>libnet\libbase\export</Filter>
    </ClInclude>
    <ClInclude Include="..\libbase\export\yy_log.h">
      <Filter>libnet\libbase\export</Filter>
    </ClInclude>
    <ClInclude Include="..\libbase\export\yy_macros.h">
      <Filter>libnet\libbase\export</Filter>
    </ClInclude>
    <ClInclude Include="..\libbase\export\yy_memory.h">
      <Filter>libnet\libbase\export</Filter>
    </ClInclude>
    <ClInclude Include="..\libbase\export\yy_queue.h">
      <Filter>libnet\libbase\export</Filter>
    </ClInclude>
    <ClInclude Include="..\libbase\export\yy_synchronize.h">
      <Filter>libnet\libbase\export</Filter>
    </ClInclude>
    <ClInclude Include="..\libbase\export\yy_thread.h">
      <Filter>libnet\libbase\export</Filter>
    </ClInclude>
    <ClInclude Include="..\libbase\export\yy_time.h">
      <Filter>libnet\libbase\export</Filter>
    </ClInclude>
    <ClInclude Include="..\libbase\export\yy_utility.h">
      <Filter>libnet\libbase\export</Filter>
    </ClInclude>
  </ItemGroup>
</Project>